// !$*UTF8*$!
{
	archiveVersion = 1;
	classes = {
	};
	objectVersion = 46;
	objects = {

/* Begin PBXBuildFile section */
		49F3B8DD1A96C03400705F2B /* main.cpp in Sources */ = {isa = PBXBuildFile; fileRef = 49F3B8DC1A96C03400705F2B /* main.cpp */; };
		49F3B8E41A96C10000705F2B /* lex.lpp in Sources */ = {isa = PBXBuildFile; fileRef = 49F3B8E31A96C10000705F2B /* lex.lpp */; };
/* End PBXBuildFile section */

/* Begin PBXCopyFilesBuildPhase section */
		49F3B8D71A96C03400705F2B /* CopyFiles */ = {
			isa = PBXCopyFilesBuildPhase;
			buildActionMask = 2147483647;
			dstPath = /usr/share/man/man1/;
			dstSubfolderSpec = 0;
			files = (
			);
			runOnlyForDeploymentPostprocessing = 1;
		};
/* End PBXCopyFilesBuildPhase section */

/* Begin PBXFileReference section */
		49F3B8D91A96C03400705F2B /* CS631Lex */ = {isa = PBXFileReference; explicitFileType = "compiled.mach-o.executable"; includeInIndex = 0; path = CS631Lex; sourceTree = BUILT_PRODUCTS_DIR; };
		49F3B8DC1A96C03400705F2B /* main.cpp */ = {isa = PBXFileReference; lastKnownFileType = sourcecode.cpp.cpp; path = main.cpp; sourceTree = "<group>"; };
		49F3B8E31A96C10000705F2B /* lex.lpp */ = {isa = PBXFileReference; fileEncoding = 4; lastKnownFileType = sourcecode.lex; path = lex.lpp; sourceTree = "<group>"; };
/* End PBXFileReference section */

/* Begin PBXFrameworksBuildPhase section */
		49F3B8D61A96C03400705F2B /* Frameworks */ = {
			isa = PBXFrameworksBuildPhase;
			buildActionMask = 2147483647;
			files = (
			);
			runOnlyForDeploymentPostprocessing = 0;
		};
/* End PBXFrameworksBuildPhase section */

/* Begin PBXGroup section */
		49F3B8D01A96C03400705F2B = {
			isa = PBXGroup;
			children = (
				49F3B8DB1A96C03400705F2B /* CS631Lex */,
				49F3B8DA1A96C03400705F2B /* Products */,
			);
			sourceTree = "<group>";
		};
		49F3B8DA1A96C03400705F2B /* Products */ = {
			isa = PBXGroup;
			children = (
				49F3B8D91A96C03400705F2B /* CS631Lex */,
			);
			name = Products;
			sourceTree = "<group>";
		};
		49F3B8DB1A96C03400705F2B /* CS631Lex */ = {
			isa = PBXGroup;
			children = (
				49F3B8DC1A96C03400705F2B /* main.cpp */,
				49F3B8E31A96C10000705F2B /* lex.lpp */,
			);
			path = CS631Lex;
			sourceTree = "<group>";
		};
/* End PBXGroup section */

/* Begin PBXNativeTarget section */
		49F3B8D81A96C03400705F2B /* CS631Lex */ = {
			isa = PBXNativeTarget;
			buildConfigurationList = 49F3B8E01A96C03400705F2B /* Build configuration list for PBXNativeTarget "CS631Lex" */;
			buildPhases = (
				49F3B8D51A96C03400705F2B /* Sources */,
				49F3B8D61A96C03400705F2B /* Frameworks */,
				49F3B8D71A96C03400705F2B /* CopyFiles */,
			);
			buildRules = (
			);
			dependencies = (
			);
			name = CS631Lex;
			productName = CS631Lex;
			productReference = 49F3B8D91A96C03400705F2B /* CS631Lex */;
			productType = "com.apple.product-type.tool";
		};
/* End PBXNativeTarget section */

/* Begin PBXProject section */
		49F3B8D11A96C03400705F2B /* Project object */ = {
			isa = PBXProject;
			attributes = {
				LastUpgradeCheck = 0610;
				ORGANIZATIONNAME = "Chris Hartman";
				TargetAttributes = {
					49F3B8D81A96C03400705F2B = {
						CreatedOnToolsVersion = 6.1.1;
					};
				};
			};
			buildConfigurationList = 49F3B8D41A96C03400705F2B /* Build configuration list for PBXProject "CS631Lex" */;
			compatibilityVersion = "Xcode 3.2";
			developmentRegion = English;
			hasScannedForEncodings = 0;
			knownRegions = (
				en,
			);
			mainGroup = 49F3B8D01A96C03400705F2B;
			productRefGroup = 49F3B8DA1A96C03400705F2B /* Products */;
			projectDirPath = "";
			projectRoot = "";
			targets = (
				49F3B8D81A96C03400705F2B /* CS631Lex */,
			);
		};
/* End PBXProject section */

/* Begin PBXSourcesBuildPhase section */
		49F3B8D51A96C03400705F2B /* Sources */ = {
			isa = PBXSourcesBuildPhase;
			buildActionMask = 2147483647;
			files = (
				49F3B8E41A96C10000705F2B /* lex.lpp in Sources */,
				49F3B8DD1A96C03400705F2B /* main.cpp in Sources */,
			);
			runOnlyForDeploymentPostprocessing = 0;
		};
/* End PBXSourcesBuildPhase section */

/* Begin XCBuildConfiguration section */
		49F3B8DE1A96C03400705F2B /* Debug */ = {
			isa = XCBuildConfiguration;
			buildSettings = {
				ALWAYS_SEARCH_USER_PATHS = NO;
				CLANG_CXX_LANGUAGE_STANDARD = "gnu++0x";
				CLANG_CXX_LIBRARY = "libc++";
				CLANG_ENABLE_MODULES = YES;
				CLANG_ENABLE_OBJC_ARC = YES;
				CLANG_WARN_BOOL_CONVERSION = YES;
				CLANG_WARN_CONSTANT_CONVERSION = YES;
				CLANG_WARN_DIRECT_OBJC_ISA_USAGE = YES_ERROR;
				CLANG_WARN_EMPTY_BODY = YES;
				CLANG_WARN_ENUM_CONVERSION = YES;
				CLANG_WARN_INT_CONVERSION = YES;
				CLANG_WARN_OBJC_ROOT_CLASS = YES_ERROR;
				CLANG_WARN_UNREACHABLE_CODE = YES;
				CLANG_WARN__DUPLICATE_METHOD_MATCH = YES;
				COPY_PHASE_STRIP = NO;
				ENABLE_STRICT_OBJC_MSGSEND = YES;
				GCC_C_LANGUAGE_STANDARD = gnu99;
				GCC_DYNAMIC_NO_PIC = NO;
				GCC_OPTIMIZATION_LEVEL = 0;
				GCC_PREPROCESSOR_DEFINITIONS = (
					"DEBUG=1",
					"$(inherited)",
				);
				GCC_SYMBOLS_PRIVATE_EXTERN = NO;
				GCC_WARN_64_TO_32_BIT_CONVERSION = YES;
				GCC_WARN_ABOUT_RETURN_TYPE = YES_ERROR;
				GCC_WARN_UNDECLARED_SELECTOR = YES;
				GCC_WARN_UNINITIALIZED_AUTOS = YES_AGGRESSIVE;
				GCC_WARN_UNUSED_FUNCTION = YES;
				GCC_WARN_UNUSED_VARIABLE = YES;
				MACOSX_DEPLOYMENT_TARGET = 10.10;
				MTL_ENABLE_DEBUG_INFO = YES;
				ONLY_ACTIVE_ARCH = YES;
				SDKROOT = macosx;
			};
			name = Debug;
		};
		49F3B8DF1A96C03400705F2B /* Release */ = {
			isa = XCBuildConfiguration;
			buildSettings = {
				ALWAYS_SEARCH_USER_PATHS = NO;
				CLANG_CXX_LANGUAGE_STANDARD = "gnu++0x";
				CLANG_CXX_LIBRARY = "libc++";
				CLANG_ENABLE_MODULES = YES;
				CLANG_ENABLE_OBJC_ARC = YES;
				CLANG_WARN_BOOL_CONVERSION = YES;
				CLANG_WARN_CONSTANT_CONVERSION = YES;
				CLANG_WARN_DIRECT_OBJC_ISA_USAGE = YES_ERROR;
				CLANG_WARN_EMPTY_BODY = YES;
				CLANG_WARN_ENUM_CONVERSION = YES;
				CLANG_WARN_INT_CONVERSION = YES;
				CLANG_WARN_OBJC_ROOT_CLASS = YES_ERROR;
				CLANG_WARN_UNREACHABLE_CODE = YES;
				CLANG_WARN__DUPLICATE_METHOD_MATCH = YES;
				COPY_PHASE_STRIP = YES;
				DEBUG_INFORMATION_FORMAT = "dwarf-with-dsym";
				ENABLE_NS_ASSERTIONS = NO;
				ENABLE_STRICT_OBJC_MSGSEND = YES;
				GCC_C_LANGUAGE_STANDARD = gnu99;
				GCC_WARN_64_TO_32_BIT_CONVERSION = YES;
				GCC_WARN_ABOUT_RETURN_TYPE = YES_ERROR;
				GCC_WARN_UNDECLARED_SELECTOR = YES;
				GCC_WARN_UNINITIALIZED_AUTOS = YES_AGGRESSIVE;
				GCC_WARN_UNUSED_FUNCTION = YES;
				GCC_WARN_UNUSED_VARIABLE = YES;
				MACOSX_DEPLOYMENT_TARGET = 10.10;
				MTL_ENABLE_DEBUG_INFO = NO;
				SDKROOT = macosx;
			};
			name = Release;
		};
		49F3B8E11A96C03400705F2B /* Debug */ = {
			isa = XCBuildConfiguration;
			buildSettings = {
				CLANG_CXX_LANGUAGE_STANDARD = "c++14";
				PRODUCT_NAME = "$(TARGET_NAME)";
			};
			name = Debug;
		};
		49F3B8E21A96C03400705F2B /* Release */ = {
			isa = XCBuildConfiguration;
			buildSettings = {
				CLANG_CXX_LANGUAGE_STANDARD = "c++14";
				PRODUCT_NAME = "$(TARGET_NAME)";
			};
			name = Release;
		};
/* End XCBuildConfiguration section */

/* Begin XCConfigurationList section */
		49F3B8D41A96C03400705F2B /* Build configuration list for PBXProject "CS631Lex" */ = {
			isa = XCConfigurationList;
			buildConfigurations = (
				49F3B8DE1A96C03400705F2B /* Debug */,
				49F3B8DF1A96C03400705F2B /* Release */,
			);
			defaultConfigurationIsVisible = 0;
			defaultConfigurationName = Release;
		};
		49F3B8E01A96C03400705F2B /* Build configuration list for PBXNativeTarget "CS631Lex" */ = {
			isa = XCConfigurationList;
			buildConfigurations = (
				49F3B8E11A96C03400705F2B /* Debug */,
				49F3B8E21A96C03400705F2B /* Release */,
			);
			defaultConfigurationIsVisible = 0;
		};
/* End XCConfigurationList section */
	};
	rootObject = 49F3B8D11A96C03400705F2B /* Project object */;
}
